
Microsoft Visual Studio Solution File, Format Version 12.00
# Visual Studio Version 16
VisualStudioVersion = 16.0.31702.278
MinimumVisualStudioVersion = 10.0.40219.1
Project("{FAE04EC0-301F-11D3-BF4B-00C04F79EFBC}") = "CapaPresentacion", "CapaPresentacion\CapaPresentacion.csproj", "{65DE401F-47C2-471E-863C-6872C8858D89}"
EndProject
Project("{FAE04EC0-301F-11D3-BF4B-00C04F79EFBC}") = "CapaNegocio", "CapaNegocio\CapaNegocio.csproj", "{5ADDFABB-DF2B-4F6F-B024-E19DCAA2852E}"
EndProject
Project("{FAE04EC0-301F-11D3-BF4B-00C04F79EFBC}") = "CapaDatos", "CapaDatos\CapaDatos.csproj", "{5C34EB15-22AD-4027-B626-1EAAF30BFD8C}"
EndProject
Global
	GlobalSection(SolutionConfigurationPlatforms) = preSolution
		Debug|Any CPU = Debug|Any CPU
		Release|Any CPU = Release|Any CPU
	EndGlobalSection
	GlobalSection(ProjectConfigurationPlatforms) = postSolution
		{65DE401F-47C2-471E-863C-6872C8858D89}.Debug|Any CPU.ActiveCfg = Debug|Any CPU
		{65DE401F-47C2-471E-863C-6872C8858D89}.Debug|Any CPU.Build.0 = Debug|Any CPU
		{65DE401F-47C2-471E-863C-6872C8858D89}.Release|Any CPU.ActiveCfg = Release|Any CPU
		{65DE401F-47C2-471E-863C-6872C8858D89}.Release|Any CPU.Build.0 = Release|Any CPU
		{5ADDFABB-DF2B-4F6F-B024-E19DCAA2852E}.Debug|Any CPU.ActiveCfg = Debug|Any CPU
		{5ADDFABB-DF2B-4F6F-B024-E19DCAA2852E}.Debug|Any CPU.Build.0 = Debug|Any CPU
		{5ADDFABB-DF2B-4F6F-B024-E19DCAA2852E}.Release|Any CPU.ActiveCfg = Release|Any CPU
		{5ADDFABB-DF2B-4F6F-B024-E19DCAA2852E}.Release|Any CPU.Build.0 = Release|Any CPU
		{5C34EB15-22AD-4027-B626-1EAAF30BFD8C}.Debug|Any CPU.ActiveCfg = Debug|Any CPU
		{5C34EB15-22AD-4027-B626-1EAAF30BFD8C}.Debug|Any CPU.Build.0 = Debug|Any CPU
		{5C34EB15-22AD-4027-B626-1EAAF30BFD8C}.Release|Any CPU.ActiveCfg = Release|Any CPU
		{5C34EB15-22AD-4027-B626-1EAAF30BFD8C}.Release|Any CPU.Build.0 = Release|Any CPU
	EndGlobalSection
	GlobalSection(SolutionProperties) = preSolution
		HideSolutionNode = FALSE
	EndGlobalSection
	GlobalSection(ExtensibilityGlobals) = postSolution
		SolutionGuid = {8BB11B39-26BD-4B08-BF0E-53DCF3289B4B}
	EndGlobalSection
EndGlobal
